# This file was autogenerated by Stack.
# You should not edit this file by hand.
# For more information, please see the documentation at:
#   https://docs.haskellstack.org/en/stable/topics/lock_files

packages:
- completed:
    name: sprockell
    pantry-tree:
      sha256: fcb0fd6a969e00f829c98dd977617b7454b46f553ee0c2bcef894769cd0b2ab8
      size: 1303
    sha256: 1da166e5290f975765d6189a17379110cde7819a411315b7ae7c75a0329e8b68
    size: 17666
    url: https://github.com/bobismijnnaam/sprockell/archive/a8a2862b3198955ca486cd9e94aebe5c49c7f892.tar.gz
    version: 2026.0.0
  original:
    url: https://github.com/bobismijnnaam/sprockell/archive/a8a2862b3198955ca486cd9e94aebe5c49c7f892.tar.gz
snapshots:
- completed:
    sha256: e9e41fa6ceba9911de922014632ed66aa6f87af0cf92fc54f0e1835176a5be06
    size: 732456
    url: https://raw.githubusercontent.com/commercialhaskell/stackage-snapshots/master/lts/24/45.yaml
  original:
    url: https://raw.githubusercontent.com/commercialhaskell/stackage-snapshots/master/lts/24/45.yaml
